
Microsoft Visual Studio Solution File, Format Version 12.00
# Visual Studio Version 17
VisualStudioVersion = 17.6.33723.286
MinimumVisualStudioVersion = 10.0.40219.1
Project("{FAE04EC0-301F-11D3-BF4B-00C04F79EFBC}") = "Kamalov_AutoService", "Kamalov_AutoService\Kamalov_AutoService.csproj", "{B1202183-3C63-48D6-B05C-5F00B7CED58B}"
EndProject
Global
	GlobalSection(SolutionConfigurationPlatforms) = preSolution
		Debug|Any CPU = Debug|Any CPU
		Release|Any CPU = Release|Any CPU
	EndGlobalSection
	GlobalSection(ProjectConfigurationPlatforms) = postSolution
		{B1202183-3C63-48D6-B05C-5F00B7CED58B}.Debug|Any CPU.ActiveCfg = Debug|Any CPU
		{B1202183-3C63-48D6-B05C-5F00B7CED58B}.Debug|Any CPU.Build.0 = Debug|Any CPU
		{B1202183-3C63-48D6-B05C-5F00B7CED58B}.Release|Any CPU.ActiveCfg = Release|Any CPU
		{B1202183-3C63-48D6-B05C-5F00B7CED58B}.Release|Any CPU.Build.0 = Release|Any CPU
	EndGlobalSection
	GlobalSection(SolutionProperties) = preSolution
		HideSolutionNode = FALSE
	EndGlobalSection
	GlobalSection(ExtensibilityGlobals) = postSolution
		SolutionGuid = {024BDBFD-4461-4E50-8A7F-8F58FBBF9C73}
	EndGlobalSection
EndGlobal
